
Microsoft Visual Studio Solution File, Format Version 12.00
# Visual Studio Version 16
VisualStudioVersion = 16.0.30413.136
MinimumVisualStudioVersion = 10.0.40219.1
Project("{9A19103F-16F7-4668-BE54-9A1E7A4F7556}") = "MahApps.Extra", "MahApps.Extra\MahApps.Extra.csproj", "{E8A306BB-1076-41DD-9BB5-1E47E876AD18}"
EndProject
Project("{FAE04EC0-301F-11D3-BF4B-00C04F79EFBC}") = "MahApps.Extra.Sample", "MahApps.Extra.Sample\MahApps.Extra.Sample.csproj", "{BE9C45F0-5E5F-4BCC-9799-8C632B04DFA3}"
EndProject
Global
	GlobalSection(SolutionConfigurationPlatforms) = preSolution
		Debug|Any CPU = Debug|Any CPU
		Release|Any CPU = Release|Any CPU
	EndGlobalSection
	GlobalSection(ProjectConfigurationPlatforms) = postSolution
		{E8A306BB-1076-41DD-9BB5-1E47E876AD18}.Debug|Any CPU.ActiveCfg = Debug|Any CPU
		{E8A306BB-1076-41DD-9BB5-1E47E876AD18}.Debug|Any CPU.Build.0 = Debug|Any CPU
		{E8A306BB-1076-41DD-9BB5-1E47E876AD18}.Release|Any CPU.ActiveCfg = Release|Any CPU
		{E8A306BB-1076-41DD-9BB5-1E47E876AD18}.Release|Any CPU.Build.0 = Release|Any CPU
		{BE9C45F0-5E5F-4BCC-9799-8C632B04DFA3}.Debug|Any CPU.ActiveCfg = Debug|Any CPU
		{BE9C45F0-5E5F-4BCC-9799-8C632B04DFA3}.Debug|Any CPU.Build.0 = Debug|Any CPU
		{BE9C45F0-5E5F-4BCC-9799-8C632B04DFA3}.Release|Any CPU.ActiveCfg = Release|Any CPU
		{BE9C45F0-5E5F-4BCC-9799-8C632B04DFA3}.Release|Any CPU.Build.0 = Release|Any CPU
	EndGlobalSection
	GlobalSection(SolutionProperties) = preSolution
		HideSolutionNode = FALSE
	EndGlobalSection
	GlobalSection(ExtensibilityGlobals) = postSolution
		SolutionGuid = {ADC7453F-8EA0-400C-A14F-F5AB98B96BA5}
	EndGlobalSection
EndGlobal
